
Microsoft Visual Studio Solution File, Format Version 12.00
# Visual Studio Version 17
VisualStudioVersion = 17.9.34607.119
MinimumVisualStudioVersion = 10.0.40219.1
Project("{9A19103F-16F7-4668-BE54-9A1E7A4F7556}") = "WebApplication1", "WebApplication1\WebApplication1.csproj", "{E20420F7-494A-4B17-8E56-2DBB24BBD245}"
EndProject
Project("{FAE04EC0-301F-11D3-BF4B-00C04F79EFBC}") = "WebApplication1Admin", "WebApplication1Admin\WebApplication1Admin.csproj", "{4FFCA6E0-2D0B-4332-9245-4E981CA7B334}"
EndProject
Global
	GlobalSection(SolutionConfigurationPlatforms) = preSolution
		Debug|Any CPU = Debug|Any CPU
		Release|Any CPU = Release|Any CPU
	EndGlobalSection
	GlobalSection(ProjectConfigurationPlatforms) = postSolution
		{E20420F7-494A-4B17-8E56-2DBB24BBD245}.Debug|Any CPU.ActiveCfg = Debug|Any CPU
		{E20420F7-494A-4B17-8E56-2DBB24BBD245}.Debug|Any CPU.Build.0 = Debug|Any CPU
		{E20420F7-494A-4B17-8E56-2DBB24BBD245}.Release|Any CPU.ActiveCfg = Release|Any CPU
		{E20420F7-494A-4B17-8E56-2DBB24BBD245}.Release|Any CPU.Build.0 = Release|Any CPU
		{4FFCA6E0-2D0B-4332-9245-4E981CA7B334}.Debug|Any CPU.ActiveCfg = Debug|Any CPU
		{4FFCA6E0-2D0B-4332-9245-4E981CA7B334}.Debug|Any CPU.Build.0 = Debug|Any CPU
		{4FFCA6E0-2D0B-4332-9245-4E981CA7B334}.Release|Any CPU.ActiveCfg = Release|Any CPU
		{4FFCA6E0-2D0B-4332-9245-4E981CA7B334}.Release|Any CPU.Build.0 = Release|Any CPU
	EndGlobalSection
	GlobalSection(SolutionProperties) = preSolution
		HideSolutionNode = FALSE
	EndGlobalSection
	GlobalSection(ExtensibilityGlobals) = postSolution
		SolutionGuid = {4E2188C5-6F22-45FD-8472-ED6C41EC2DC4}
	EndGlobalSection
EndGlobal
